
Microsoft Visual Studio Solution File, Format Version 12.00
# Visual Studio Version 16
VisualStudioVersion = 16.0.31205.134
MinimumVisualStudioVersion = 10.0.40219.1
Project("{9A19103F-16F7-4668-BE54-9A1E7A4F7556}") = "BlazingShop.Server", "BlazingShop\Server\BlazingShop.Server.csproj", "{781BC1AA-F8E5-4218-98EF-E0B6BECAC936}"
EndProject
Project("{9A19103F-16F7-4668-BE54-9A1E7A4F7556}") = "BlazingShop.Client", "BlazingShop\Client\BlazingShop.Client.csproj", "{6B8B0B5A-EFF8-426D-BB49-7A2361A32C37}"
EndProject
Project("{9A19103F-16F7-4668-BE54-9A1E7A4F7556}") = "BlazingShop.Shared", "BlazingShop\Shared\BlazingShop.Shared.csproj", "{77E27C72-976C-4296-8384-A7B31B8BD697}"
EndProject
Global
	GlobalSection(SolutionConfigurationPlatforms) = preSolution
		Debug|Any CPU = Debug|Any CPU
		Release|Any CPU = Release|Any CPU
	EndGlobalSection
	GlobalSection(ProjectConfigurationPlatforms) = postSolution
		{781BC1AA-F8E5-4218-98EF-E0B6BECAC936}.Debug|Any CPU.ActiveCfg = Debug|Any CPU
		{781BC1AA-F8E5-4218-98EF-E0B6BECAC936}.Debug|Any CPU.Build.0 = Debug|Any CPU
		{781BC1AA-F8E5-4218-98EF-E0B6BECAC936}.Release|Any CPU.ActiveCfg = Release|Any CPU
		{781BC1AA-F8E5-4218-98EF-E0B6BECAC936}.Release|Any CPU.Build.0 = Release|Any CPU
		{6B8B0B5A-EFF8-426D-BB49-7A2361A32C37}.Debug|Any CPU.ActiveCfg = Debug|Any CPU
		{6B8B0B5A-EFF8-426D-BB49-7A2361A32C37}.Debug|Any CPU.Build.0 = Debug|Any CPU
		{6B8B0B5A-EFF8-426D-BB49-7A2361A32C37}.Release|Any CPU.ActiveCfg = Release|Any CPU
		{6B8B0B5A-EFF8-426D-BB49-7A2361A32C37}.Release|Any CPU.Build.0 = Release|Any CPU
		{77E27C72-976C-4296-8384-A7B31B8BD697}.Debug|Any CPU.ActiveCfg = Debug|Any CPU
		{77E27C72-976C-4296-8384-A7B31B8BD697}.Debug|Any CPU.Build.0 = Debug|Any CPU
		{77E27C72-976C-4296-8384-A7B31B8BD697}.Release|Any CPU.ActiveCfg = Release|Any CPU
		{77E27C72-976C-4296-8384-A7B31B8BD697}.Release|Any CPU.Build.0 = Release|Any CPU
	EndGlobalSection
	GlobalSection(SolutionProperties) = preSolution
		HideSolutionNode = FALSE
	EndGlobalSection
	GlobalSection(ExtensibilityGlobals) = postSolution
		SolutionGuid = {BEA5AFD1-95CA-42D3-8FB9-769B41F0DA1B}
	EndGlobalSection
EndGlobal
